
Microsoft Visual Studio Solution File, Format Version 12.00
# Visual Studio 15
VisualStudioVersion = 15.0.28307.168
MinimumVisualStudioVersion = 10.0.40219.1
Project("{FAE04EC0-301F-11D3-BF4B-00C04F79EFBC}") = "AzurePipelineTest", "AzurePipelineTest\AzurePipelineTest.csproj", "{BA66061E-D991-4DF9-BC1C-C225D088F67A}"
EndProject
Global
	GlobalSection(SolutionConfigurationPlatforms) = preSolution
		Debug|Any CPU = Debug|Any CPU
		Release|Any CPU = Release|Any CPU
	EndGlobalSection
	GlobalSection(ProjectConfigurationPlatforms) = postSolution
		{BA66061E-D991-4DF9-BC1C-C225D088F67A}.Debug|Any CPU.ActiveCfg = Debug|Any CPU
		{BA66061E-D991-4DF9-BC1C-C225D088F67A}.Debug|Any CPU.Build.0 = Debug|Any CPU
		{BA66061E-D991-4DF9-BC1C-C225D088F67A}.Release|Any CPU.ActiveCfg = Release|Any CPU
		{BA66061E-D991-4DF9-BC1C-C225D088F67A}.Release|Any CPU.Build.0 = Release|Any CPU
	EndGlobalSection
	GlobalSection(SolutionProperties) = preSolution
		HideSolutionNode = FALSE
	EndGlobalSection
	GlobalSection(ExtensibilityGlobals) = postSolution
		SolutionGuid = {9AF13BE2-76BE-469C-ADFF-2B63868453BD}
	EndGlobalSection
EndGlobal
